
Microsoft Visual Studio Solution File, Format Version 12.00
# Visual Studio 2012
Project("{FAE04EC0-301F-11D3-BF4B-00C04F79EFBC}") = "HiAsgRAS.Dashboard.Web", "HiAsgRAS.Dashboard.Web\HiAsgRAS.Dashboard.Web.csproj", "{3084BCFA-2E7C-49FA-9DD1-0F47279236F8}"
EndProject
Project("{FAE04EC0-301F-11D3-BF4B-00C04F79EFBC}") = "HiAsgRAS.DAL", "HiAsgRas.DAL\HiAsgRAS.DAL.csproj", "{6EE8D3C0-7FDD-45C7-B2DD-0131E3CAFB83}"
EndProject
Project("{FAE04EC0-301F-11D3-BF4B-00C04F79EFBC}") = "HiAsgRAS.ViewModel", "HiAsgRAS.ViewModel\HiAsgRAS.ViewModel.csproj", "{3CC74D4D-1976-4028-B736-115D05C6DC11}"
EndProject
Project("{FAE04EC0-301F-11D3-BF4B-00C04F79EFBC}") = "HiAsgRAS.Common", "HiAsgRAS.Common\HiAsgRAS.Common.csproj", "{D4220646-E7C7-4901-AAEC-E80150086FE2}"
EndProject
Project("{FAE04EC0-301F-11D3-BF4B-00C04F79EFBC}") = "HiAsgRAS.BLL", "HiAsgRAS.BLL\HiAsgRAS.BLL.csproj", "{C23E7866-2312-407E-BB00-967E84F9D55E}"
EndProject
Project("{FAE04EC0-301F-11D3-BF4B-00C04F79EFBC}") = "HiAsgRAS.ApplicationInfo", "HiAsgRAS.ApplicationInfo\HiAsgRAS.ApplicationInfo.csproj", "{83152B81-15D9-426B-A998-4B07BC1BF9FE}"
EndProject
Global
	GlobalSection(SolutionConfigurationPlatforms) = preSolution
		Debug|Any CPU = Debug|Any CPU
		Release|Any CPU = Release|Any CPU
	EndGlobalSection
	GlobalSection(ProjectConfigurationPlatforms) = postSolution
		{3084BCFA-2E7C-49FA-9DD1-0F47279236F8}.Debug|Any CPU.ActiveCfg = Debug|Any CPU
		{3084BCFA-2E7C-49FA-9DD1-0F47279236F8}.Debug|Any CPU.Build.0 = Debug|Any CPU
		{3084BCFA-2E7C-49FA-9DD1-0F47279236F8}.Release|Any CPU.ActiveCfg = Release|Any CPU
		{3084BCFA-2E7C-49FA-9DD1-0F47279236F8}.Release|Any CPU.Build.0 = Release|Any CPU
		{6EE8D3C0-7FDD-45C7-B2DD-0131E3CAFB83}.Debug|Any CPU.ActiveCfg = Debug|Any CPU
		{6EE8D3C0-7FDD-45C7-B2DD-0131E3CAFB83}.Debug|Any CPU.Build.0 = Debug|Any CPU
		{6EE8D3C0-7FDD-45C7-B2DD-0131E3CAFB83}.Release|Any CPU.ActiveCfg = Release|Any CPU
		{6EE8D3C0-7FDD-45C7-B2DD-0131E3CAFB83}.Release|Any CPU.Build.0 = Release|Any CPU
		{3CC74D4D-1976-4028-B736-115D05C6DC11}.Debug|Any CPU.ActiveCfg = Debug|Any CPU
		{3CC74D4D-1976-4028-B736-115D05C6DC11}.Debug|Any CPU.Build.0 = Debug|Any CPU
		{3CC74D4D-1976-4028-B736-115D05C6DC11}.Release|Any CPU.ActiveCfg = Release|Any CPU
		{3CC74D4D-1976-4028-B736-115D05C6DC11}.Release|Any CPU.Build.0 = Release|Any CPU
		{D4220646-E7C7-4901-AAEC-E80150086FE2}.Debug|Any CPU.ActiveCfg = Debug|Any CPU
		{D4220646-E7C7-4901-AAEC-E80150086FE2}.Debug|Any CPU.Build.0 = Debug|Any CPU
		{D4220646-E7C7-4901-AAEC-E80150086FE2}.Release|Any CPU.ActiveCfg = Release|Any CPU
		{D4220646-E7C7-4901-AAEC-E80150086FE2}.Release|Any CPU.Build.0 = Release|Any CPU
		{C23E7866-2312-407E-BB00-967E84F9D55E}.Debug|Any CPU.ActiveCfg = Debug|Any CPU
		{C23E7866-2312-407E-BB00-967E84F9D55E}.Debug|Any CPU.Build.0 = Debug|Any CPU
		{C23E7866-2312-407E-BB00-967E84F9D55E}.Release|Any CPU.ActiveCfg = Release|Any CPU
		{C23E7866-2312-407E-BB00-967E84F9D55E}.Release|Any CPU.Build.0 = Release|Any CPU
		{83152B81-15D9-426B-A998-4B07BC1BF9FE}.Debug|Any CPU.ActiveCfg = Debug|Any CPU
		{83152B81-15D9-426B-A998-4B07BC1BF9FE}.Debug|Any CPU.Build.0 = Debug|Any CPU
		{83152B81-15D9-426B-A998-4B07BC1BF9FE}.Release|Any CPU.ActiveCfg = Release|Any CPU
		{83152B81-15D9-426B-A998-4B07BC1BF9FE}.Release|Any CPU.Build.0 = Release|Any CPU
	EndGlobalSection
	GlobalSection(SolutionProperties) = preSolution
		HideSolutionNode = FALSE
	EndGlobalSection
EndGlobal
